
Microsoft Visual Studio Solution File, Format Version 12.00
# Visual Studio Version 17
VisualStudioVersion = 17.2.32516.85
MinimumVisualStudioVersion = 10.0.40219.1
Project("{FAE04EC0-301F-11D3-BF4B-00C04F79EFBC}") = "Test22", "Test22\Test22.csproj", "{F846C29F-8723-4043-83E0-6CE218CBB684}"
EndProject
Project("{2150E333-8FDC-42A3-9474-1A3956D46DE8}") = "Solution Items", "Solution Items", "{A5B0193D-E3DE-4001-8AA8-3EE53F51FEE8}"
EndProject
Global
	GlobalSection(SolutionConfigurationPlatforms) = preSolution
		Debug|Any CPU = Debug|Any CPU
		Release|Any CPU = Release|Any CPU
	EndGlobalSection
	GlobalSection(ProjectConfigurationPlatforms) = postSolution
		{F846C29F-8723-4043-83E0-6CE218CBB684}.Debug|Any CPU.ActiveCfg = Debug|Any CPU
		{F846C29F-8723-4043-83E0-6CE218CBB684}.Debug|Any CPU.Build.0 = Debug|Any CPU
		{F846C29F-8723-4043-83E0-6CE218CBB684}.Release|Any CPU.ActiveCfg = Release|Any CPU
		{F846C29F-8723-4043-83E0-6CE218CBB684}.Release|Any CPU.Build.0 = Release|Any CPU
	EndGlobalSection
	GlobalSection(SolutionProperties) = preSolution
		HideSolutionNode = FALSE
	EndGlobalSection
	GlobalSection(ExtensibilityGlobals) = postSolution
		SolutionGuid = {C1A57D2B-35BF-4BB5-9730-22AEED3C0621}
	EndGlobalSection
EndGlobal
